
Microsoft Visual Studio Solution File, Format Version 12.00
# Visual Studio 15
VisualStudioVersion = 15.0.28307.572
MinimumVisualStudioVersion = 10.0.40219.1
Project("{FAE04EC0-301F-11D3-BF4B-00C04F79EFBC}") = "SIngletonoPavyzdys", "SIngletonoPavyzdys\SIngletonoPavyzdys.csproj", "{0215871D-03B9-4290-98DE-D617A7E24411}"
EndProject
Global
	GlobalSection(SolutionConfigurationPlatforms) = preSolution
		Debug|Any CPU = Debug|Any CPU
		Release|Any CPU = Release|Any CPU
	EndGlobalSection
	GlobalSection(ProjectConfigurationPlatforms) = postSolution
		{0215871D-03B9-4290-98DE-D617A7E24411}.Debug|Any CPU.ActiveCfg = Debug|Any CPU
		{0215871D-03B9-4290-98DE-D617A7E24411}.Debug|Any CPU.Build.0 = Debug|Any CPU
		{0215871D-03B9-4290-98DE-D617A7E24411}.Release|Any CPU.ActiveCfg = Release|Any CPU
		{0215871D-03B9-4290-98DE-D617A7E24411}.Release|Any CPU.Build.0 = Release|Any CPU
	EndGlobalSection
	GlobalSection(SolutionProperties) = preSolution
		HideSolutionNode = FALSE
	EndGlobalSection
	GlobalSection(ExtensibilityGlobals) = postSolution
		SolutionGuid = {17FEF58A-F471-4880-993A-3483902C970B}
	EndGlobalSection
EndGlobal
